
Microsoft Visual Studio Solution File, Format Version 12.00
# Visual Studio Version 17
VisualStudioVersion = 17.0.32126.317
MinimumVisualStudioVersion = 10.0.40219.1
Project("{FAE04EC0-301F-11D3-BF4B-00C04F79EFBC}") = "BlazorChatApp.Server", "BlazorChatApp\Server\BlazorChatApp.Server.csproj", "{09B3FC0E-04C7-4E19-A884-936B009272C7}"
EndProject
Project("{FAE04EC0-301F-11D3-BF4B-00C04F79EFBC}") = "BlazorChatApp.Client", "BlazorChatApp\Client\BlazorChatApp.Client.csproj", "{50F9DE6A-0D64-4196-9DC3-C612DF7255A4}"
EndProject
Project("{FAE04EC0-301F-11D3-BF4B-00C04F79EFBC}") = "BlazorChatApp.Shared", "BlazorChatApp\Shared\BlazorChatApp.Shared.csproj", "{BAB3CB36-FBBF-4979-B9CE-C677D16A5B23}"
EndProject
Global
	GlobalSection(SolutionConfigurationPlatforms) = preSolution
		Debug|Any CPU = Debug|Any CPU
		Release|Any CPU = Release|Any CPU
	EndGlobalSection
	GlobalSection(ProjectConfigurationPlatforms) = postSolution
		{09B3FC0E-04C7-4E19-A884-936B009272C7}.Debug|Any CPU.ActiveCfg = Debug|Any CPU
		{09B3FC0E-04C7-4E19-A884-936B009272C7}.Debug|Any CPU.Build.0 = Debug|Any CPU
		{09B3FC0E-04C7-4E19-A884-936B009272C7}.Release|Any CPU.ActiveCfg = Release|Any CPU
		{09B3FC0E-04C7-4E19-A884-936B009272C7}.Release|Any CPU.Build.0 = Release|Any CPU
		{50F9DE6A-0D64-4196-9DC3-C612DF7255A4}.Debug|Any CPU.ActiveCfg = Debug|Any CPU
		{50F9DE6A-0D64-4196-9DC3-C612DF7255A4}.Debug|Any CPU.Build.0 = Debug|Any CPU
		{50F9DE6A-0D64-4196-9DC3-C612DF7255A4}.Release|Any CPU.ActiveCfg = Release|Any CPU
		{50F9DE6A-0D64-4196-9DC3-C612DF7255A4}.Release|Any CPU.Build.0 = Release|Any CPU
		{BAB3CB36-FBBF-4979-B9CE-C677D16A5B23}.Debug|Any CPU.ActiveCfg = Debug|Any CPU
		{BAB3CB36-FBBF-4979-B9CE-C677D16A5B23}.Debug|Any CPU.Build.0 = Debug|Any CPU
		{BAB3CB36-FBBF-4979-B9CE-C677D16A5B23}.Release|Any CPU.ActiveCfg = Release|Any CPU
		{BAB3CB36-FBBF-4979-B9CE-C677D16A5B23}.Release|Any CPU.Build.0 = Release|Any CPU
	EndGlobalSection
	GlobalSection(SolutionProperties) = preSolution
		HideSolutionNode = FALSE
	EndGlobalSection
	GlobalSection(ExtensibilityGlobals) = postSolution
		SolutionGuid = {8F415CD7-5C1C-4719-BE10-6BDA3B7D25FA}
	EndGlobalSection
EndGlobal
